// !$*UTF8*$!
{
	archiveVersion = 1;
	classes = {
	};
	objectVersion = 50;
	objects = {

/* Begin PBXBuildFile section */
		44B08C312672BE39003FA892 /* AppDelegate.swift in Sources */ = {isa = PBXBuildFile; fileRef = 44B08C302672BE39003FA892 /* AppDelegate.swift */; };
		44B08C332672BE39003FA892 /* SceneDelegate.swift in Sources */ = {isa = PBXBuildFile; fileRef = 44B08C322672BE39003FA892 /* SceneDelegate.swift */; };
		44B08C352672BE39003FA892 /* ViewController.swift in Sources */ = {isa = PBXBuildFile; fileRef = 44B08C342672BE39003FA892 /* ViewController.swift */; };
		44B08C382672BE39003FA892 /* Main.storyboard in Resources */ = {isa = PBXBuildFile; fileRef = 44B08C362672BE39003FA892 /* Main.storyboard */; };
		44B08C3A2672BE3A003FA892 /* Assets.xcassets in Resources */ = {isa = PBXBuildFile; fileRef = 44B08C392672BE3A003FA892 /* Assets.xcassets */; };
		44B08C3D2672BE3A003FA892 /* LaunchScreen.storyboard in Resources */ = {isa = PBXBuildFile; fileRef = 44B08C3B2672BE3A003FA892 /* LaunchScreen.storyboard */; };
		44B08C482672BE3A003FA892 /* Table_View_DemoTests.swift in Sources */ = {isa = PBXBuildFile; fileRef = 44B08C472672BE3A003FA892 /* Table_View_DemoTests.swift */; };
		44B08C532672BE3A003FA892 /* Table_View_DemoUITests.swift in Sources */ = {isa = PBXBuildFile; fileRef = 44B08C522672BE3A003FA892 /* Table_View_DemoUITests.swift */; };
/* End PBXBuildFile section */

/* Begin PBXContainerItemProxy section */
		44B08C442672BE3A003FA892 /* PBXContainerItemProxy */ = {
			isa = PBXContainerItemProxy;
			containerPortal = 44B08C252672BE39003FA892 /* Project object */;
			proxyType = 1;
			remoteGlobalIDString = 44B08C2C2672BE39003FA892;
			remoteInfo = "Table View Demo";
		};
		44B08C4F2672BE3A003FA892 /* PBXContainerItemProxy */ = {
			isa = PBXContainerItemProxy;
			containerPortal = 44B08C252672BE39003FA892 /* Project object */;
			proxyType = 1;
			remoteGlobalIDString = 44B08C2C2672BE39003FA892;
			remoteInfo = "Table View Demo";
		};
/* End PBXContainerItemProxy section */

/* Begin PBXFileReference section */
		44B08C2D2672BE39003FA892 /* Table View Demo.app */ = {isa = PBXFileReference; explicitFileType = wrapper.application; includeInIndex = 0; path = "Table View Demo.app"; sourceTree = BUILT_PRODUCTS_DIR; };
		44B08C302672BE39003FA892 /* AppDelegate.swift */ = {isa = PBXFileReference; lastKnownFileType = sourcecode.swift; path = AppDelegate.swift; sourceTree = "<group>"; };
		44B08C322672BE39003FA892 /* SceneDelegate.swift */ = {isa = PBXFileReference; lastKnownFileType = sourcecode.swift; path = SceneDelegate.swift; sourceTree = "<group>"; };
		44B08C342672BE39003FA892 /* ViewController.swift */ = {isa = PBXFileReference; lastKnownFileType = sourcecode.swift; path = ViewController.swift; sourceTree = "<group>"; };
		44B08C372672BE39003FA892 /* Base */ = {isa = PBXFileReference; lastKnownFileType = file.storyboard; name = Base; path = Base.lproj/Main.storyboard; sourceTree = "<group>"; };
		44B08C392672BE3A003FA892 /* Assets.xcassets */ = {isa = PBXFileReference; lastKnownFileType = folder.assetcatalog; path = Assets.xcassets; sourceTree = "<group>"; };
		44B08C3C2672BE3A003FA892 /* Base */ = {isa = PBXFileReference; lastKnownFileType = file.storyboard; name = Base; path = Base.lproj/LaunchScreen.storyboard; sourceTree = "<group>"; };
		44B08C3E2672BE3A003FA892 /* Info.plist */ = {isa = PBXFileReference; lastKnownFileType = text.plist.xml; path = Info.plist; sourceTree = "<group>"; };
		44B08C432672BE3A003FA892 /* Table View DemoTests.xctest */ = {isa = PBXFileReference; explicitFileType = wrapper.cfbundle; includeInIndex = 0; path = "Table View DemoTests.xctest"; sourceTree = BUILT_PRODUCTS_DIR; };
		44B08C472672BE3A003FA892 /* Table_View_DemoTests.swift */ = {isa = PBXFileReference; lastKnownFileType = sourcecode.swift; path = Table_View_DemoTests.swift; sourceTree = "<group>"; };
		44B08C492672BE3A003FA892 /* Info.plist */ = {isa = PBXFileReference; lastKnownFileType = text.plist.xml; path = Info.plist; sourceTree = "<group>"; };
		44B08C4E2672BE3A003FA892 /* Table View DemoUITests.xctest */ = {isa = PBXFileReference; explicitFileType = wrapper.cfbundle; includeInIndex = 0; path = "Table View DemoUITests.xctest"; sourceTree = BUILT_PRODUCTS_DIR; };
		44B08C522672BE3A003FA892 /* Table_View_DemoUITests.swift */ = {isa = PBXFileReference; lastKnownFileType = sourcecode.swift; path = Table_View_DemoUITests.swift; sourceTree = "<group>"; };
		44B08C542672BE3A003FA892 /* Info.plist */ = {isa = PBXFileReference; lastKnownFileType = text.plist.xml; path = Info.plist; sourceTree = "<group>"; };
/* End PBXFileReference section */

/* Begin PBXFrameworksBuildPhase section */
		44B08C2A2672BE39003FA892 /* Frameworks */ = {
			isa = PBXFrameworksBuildPhase;
			buildActionMask = 2147483647;
			files = (
			);
			runOnlyForDeploymentPostprocessing = 0;
		};
		44B08C402672BE3A003FA892 /* Frameworks */ = {
			isa = PBXFrameworksBuildPhase;
			buildActionMask = 2147483647;
			files = (
			);
			runOnlyForDeploymentPostprocessing = 0;
		};
		44B08C4B2672BE3A003FA892 /* Frameworks */ = {
			isa = PBXFrameworksBuildPhase;
			buildActionMask = 2147483647;
			files = (
			);
			runOnlyForDeploymentPostprocessing = 0;
		};
/* End PBXFrameworksBuildPhase section */

/* Begin PBXGroup section */
		44B08C242672BE39003FA892 = {
			isa = PBXGroup;
			children = (
				44B08C2F2672BE39003FA892 /* Table View Demo */,
				44B08C462672BE3A003FA892 /* Table View DemoTests */,
				44B08C512672BE3A003FA892 /* Table View DemoUITests */,
				44B08C2E2672BE39003FA892 /* Products */,
			);
			sourceTree = "<group>";
		};
		44B08C2E2672BE39003FA892 /* Products */ = {
			isa = PBXGroup;
			children = (
				44B08C2D2672BE39003FA892 /* Table View Demo.app */,
				44B08C432672BE3A003FA892 /* Table View DemoTests.xctest */,
				44B08C4E2672BE3A003FA892 /* Table View DemoUITests.xctest */,
			);
			name = Products;
			sourceTree = "<group>";
		};
		44B08C2F2672BE39003FA892 /* Table View Demo */ = {
			isa = PBXGroup;
			children = (
				44B08C302672BE39003FA892 /* AppDelegate.swift */,
				44B08C322672BE39003FA892 /* SceneDelegate.swift */,
				44B08C342672BE39003FA892 /* ViewController.swift */,
				44B08C362672BE39003FA892 /* Main.storyboard */,
				44B08C392672BE3A003FA892 /* Assets.xcassets */,
				44B08C3B2672BE3A003FA892 /* LaunchScreen.storyboard */,
				44B08C3E2672BE3A003FA892 /* Info.plist */,
			);
			path = "Table View Demo";
			sourceTree = "<group>";
		};
		44B08C462672BE3A003FA892 /* Table View DemoTests */ = {
			isa = PBXGroup;
			children = (
				44B08C472672BE3A003FA892 /* Table_View_DemoTests.swift */,
				44B08C492672BE3A003FA892 /* Info.plist */,
			);
			path = "Table View DemoTests";
			sourceTree = "<group>";
		};
		44B08C512672BE3A003FA892 /* Table View DemoUITests */ = {
			isa = PBXGroup;
			children = (
				44B08C522672BE3A003FA892 /* Table_View_DemoUITests.swift */,
				44B08C542672BE3A003FA892 /* Info.plist */,
			);
			path = "Table View DemoUITests";
			sourceTree = "<group>";
		};
/* End PBXGroup section */

/* Begin PBXNativeTarget section */
		44B08C2C2672BE39003FA892 /* Table View Demo */ = {
			isa = PBXNativeTarget;
			buildConfigurationList = 44B08C572672BE3A003FA892 /* Build configuration list for PBXNativeTarget "Table View Demo" */;
			buildPhases = (
				44B08C292672BE39003FA892 /* Sources */,
				44B08C2A2672BE39003FA892 /* Frameworks */,
				44B08C2B2672BE39003FA892 /* Resources */,
			);
			buildRules = (
			);
			dependencies = (
			);
			name = "Table View Demo";
			productName = "Table View Demo";
			productReference = 44B08C2D2672BE39003FA892 /* Table View Demo.app */;
			productType = "com.apple.product-type.application";
		};
		44B08C422672BE3A003FA892 /* Table View DemoTests */ = {
			isa = PBXNativeTarget;
			buildConfigurationList = 44B08C5A2672BE3A003FA892 /* Build configuration list for PBXNativeTarget "Table View DemoTests" */;
			buildPhases = (
				44B08C3F2672BE3A003FA892 /* Sources */,
				44B08C402672BE3A003FA892 /* Frameworks */,
				44B08C412672BE3A003FA892 /* Resources */,
			);
			buildRules = (
			);
			dependencies = (
				44B08C452672BE3A003FA892 /* PBXTargetDependency */,
			);
			name = "Table View DemoTests";
			productName = "Table View DemoTests";
			productReference = 44B08C432672BE3A003FA892 /* Table View DemoTests.xctest */;
			productType = "com.apple.product-type.bundle.unit-test";
		};
		44B08C4D2672BE3A003FA892 /* Table View DemoUITests */ = {
			isa = PBXNativeTarget;
			buildConfigurationList = 44B08C5D2672BE3A003FA892 /* Build configuration list for PBXNativeTarget "Table View DemoUITests" */;
			buildPhases = (
				44B08C4A2672BE3A003FA892 /* Sources */,
				44B08C4B2672BE3A003FA892 /* Frameworks */,
				44B08C4C2672BE3A003FA892 /* Resources */,
			);
			buildRules = (
			);
			dependencies = (
				44B08C502672BE3A003FA892 /* PBXTargetDependency */,
			);
			name = "Table View DemoUITests";
			productName = "Table View DemoUITests";
			productReference = 44B08C4E2672BE3A003FA892 /* Table View DemoUITests.xctest */;
			productType = "com.apple.product-type.bundle.ui-testing";
		};
/* End PBXNativeTarget section */

/* Begin PBXProject section */
		44B08C252672BE39003FA892 /* Project object */ = {
			isa = PBXProject;
			attributes = {
				LastSwiftUpdateCheck = 1250;
				LastUpgradeCheck = 1250;
				TargetAttributes = {
					44B08C2C2672BE39003FA892 = {
						CreatedOnToolsVersion = 12.5;
					};
					44B08C422672BE3A003FA892 = {
						CreatedOnToolsVersion = 12.5;
						TestTargetID = 44B08C2C2672BE39003FA892;
					};
					44B08C4D2672BE3A003FA892 = {
						CreatedOnToolsVersion = 12.5;
						TestTargetID = 44B08C2C2672BE39003FA892;
					};
				};
			};
			buildConfigurationList = 44B08C282672BE39003FA892 /* Build configuration list for PBXProject "Table View Demo" */;
			compatibilityVersion = "Xcode 9.3";
			developmentRegion = en;
			hasScannedForEncodings = 0;
			knownRegions = (
				en,
				Base,
			);
			mainGroup = 44B08C242672BE39003FA892;
			productRefGroup = 44B08C2E2672BE39003FA892 /* Products */;
			projectDirPath = "";
			projectRoot = "";
			targets = (
				44B08C2C2672BE39003FA892 /* Table View Demo */,
				44B08C422672BE3A003FA892 /* Table View DemoTests */,
				44B08C4D2672BE3A003FA892 /* Table View DemoUITests */,
			);
		};
/* End PBXProject section */

/* Begin PBXResourcesBuildPhase section */
		44B08C2B2672BE39003FA892 /* Resources */ = {
			isa = PBXResourcesBuildPhase;
			buildActionMask = 2147483647;
			files = (
				44B08C3D2672BE3A003FA892 /* LaunchScreen.storyboard in Resources */,
				44B08C3A2672BE3A003FA892 /* Assets.xcassets in Resources */,
				44B08C382672BE39003FA892 /* Main.storyboard in Resources */,
			);
			runOnlyForDeploymentPostprocessing = 0;
		};
		44B08C412672BE3A003FA892 /* Resources */ = {
			isa = PBXResourcesBuildPhase;
			buildActionMask = 2147483647;
			files = (
			);
			runOnlyForDeploymentPostprocessing = 0;
		};
		44B08C4C2672BE3A003FA892 /* Resources */ = {
			isa = PBXResourcesBuildPhase;
			buildActionMask = 2147483647;
			files = (
			);
			runOnlyForDeploymentPostprocessing = 0;
		};
/* End PBXResourcesBuildPhase section */

/* Begin PBXSourcesBuildPhase section */
		44B08C292672BE39003FA892 /* Sources */ = {
			isa = PBXSourcesBuildPhase;
			buildActionMask = 2147483647;
			files = (
				44B08C352672BE39003FA892 /* ViewController.swift in Sources */,
				44B08C312672BE39003FA892 /* AppDelegate.swift in Sources */,
				44B08C332672BE39003FA892 /* SceneDelegate.swift in Sources */,
			);
			runOnlyForDeploymentPostprocessing = 0;
		};
		44B08C3F2672BE3A003FA892 /* Sources */ = {
			isa = PBXSourcesBuildPhase;
			buildActionMask = 2147483647;
			files = (
				44B08C482672BE3A003FA892 /* Table_View_DemoTests.swift in Sources */,
			);
			runOnlyForDeploymentPostprocessing = 0;
		};
		44B08C4A2672BE3A003FA892 /* Sources */ = {
			isa = PBXSourcesBuildPhase;
			buildActionMask = 2147483647;
			files = (
				44B08C532672BE3A003FA892 /* Table_View_DemoUITests.swift in Sources */,
			);
			runOnlyForDeploymentPostprocessing = 0;
		};
/* End PBXSourcesBuildPhase section */

/* Begin PBXTargetDependency section */
		44B08C452672BE3A003FA892 /* PBXTargetDependency */ = {
			isa = PBXTargetDependency;
			target = 44B08C2C2672BE39003FA892 /* Table View Demo */;
			targetProxy = 44B08C442672BE3A003FA892 /* PBXContainerItemProxy */;
		};
		44B08C502672BE3A003FA892 /* PBXTargetDependency */ = {
			isa = PBXTargetDependency;
			target = 44B08C2C2672BE39003FA892 /* Table View Demo */;
			targetProxy = 44B08C4F2672BE3A003FA892 /* PBXContainerItemProxy */;
		};
/* End PBXTargetDependency section */

/* Begin PBXVariantGroup section */
		44B08C362672BE39003FA892 /* Main.storyboard */ = {
			isa = PBXVariantGroup;
			children = (
				44B08C372672BE39003FA892 /* Base */,
			);
			name = Main.storyboard;
			sourceTree = "<group>";
		};
		44B08C3B2672BE3A003FA892 /* LaunchScreen.storyboard */ = {
			isa = PBXVariantGroup;
			children = (
				44B08C3C2672BE3A003FA892 /* Base */,
			);
			name = LaunchScreen.storyboard;
			sourceTree = "<group>";
		};
/* End PBXVariantGroup section */

/* Begin XCBuildConfiguration section */
		44B08C552672BE3A003FA892 /* Debug */ = {
			isa = XCBuildConfiguration;
			buildSettings = {
				ALWAYS_SEARCH_USER_PATHS = NO;
				CLANG_ANALYZER_NONNULL = YES;
				CLANG_ANALYZER_NUMBER_OBJECT_CONVERSION = YES_AGGRESSIVE;
				CLANG_CXX_LANGUAGE_STANDARD = "gnu++14";
				CLANG_CXX_LIBRARY = "libc++";
				CLANG_ENABLE_MODULES = YES;
				CLANG_ENABLE_OBJC_ARC = YES;
				CLANG_ENABLE_OBJC_WEAK = YES;
				CLANG_WARN_BLOCK_CAPTURE_AUTORELEASING = YES;
				CLANG_WARN_BOOL_CONVERSION = YES;
				CLANG_WARN_COMMA = YES;
				CLANG_WARN_CONSTANT_CONVERSION = YES;
				CLANG_WARN_DEPRECATED_OBJC_IMPLEMENTATIONS = YES;
				CLANG_WARN_DIRECT_OBJC_ISA_USAGE = YES_ERROR;
				CLANG_WARN_DOCUMENTATION_COMMENTS = YES;
				CLANG_WARN_EMPTY_BODY = YES;
				CLANG_WARN_ENUM_CONVERSION = YES;
				CLANG_WARN_INFINITE_RECURSION = YES;
				CLANG_WARN_INT_CONVERSION = YES;
				CLANG_WARN_NON_LITERAL_NULL_CONVERSION = YES;
				CLANG_WARN_OBJC_IMPLICIT_RETAIN_SELF = YES;
				CLANG_WARN_OBJC_LITERAL_CONVERSION = YES;
				CLANG_WARN_OBJC_ROOT_CLASS = YES_ERROR;
				CLANG_WARN_QUOTED_INCLUDE_IN_FRAMEWORK_HEADER = YES;
				CLANG_WARN_RANGE_LOOP_ANALYSIS = YES;
				CLANG_WARN_STRICT_PROTOTYPES = YES;
				CLANG_WARN_SUSPICIOUS_MOVE = YES;
				CLANG_WARN_UNGUARDED_AVAILABILITY = YES_AGGRESSIVE;
				CLANG_WARN_UNREACHABLE_CODE = YES;
				CLANG_WARN__DUPLICATE_METHOD_MATCH = YES;
				COPY_PHASE_STRIP = NO;
				DEBUG_INFORMATION_FORMAT = dwarf;
				ENABLE_STRICT_OBJC_MSGSEND = YES;
				ENABLE_TESTABILITY = YES;
				GCC_C_LANGUAGE_STANDARD = gnu11;
				GCC_DYNAMIC_NO_PIC = NO;
				GCC_NO_COMMON_BLOCKS = YES;
				GCC_OPTIMIZATION_LEVEL = 0;
				GCC_PREPROCESSOR_DEFINITIONS = (
					"DEBUG=1",
					"$(inherited)",
				);
				GCC_WARN_64_TO_32_BIT_CONVERSION = YES;
				GCC_WARN_ABOUT_RETURN_TYPE = YES_ERROR;
				GCC_WARN_UNDECLARED_SELECTOR = YES;
				GCC_WARN_UNINITIALIZED_AUTOS = YES_AGGRESSIVE;
				GCC_WARN_UNUSED_FUNCTION = YES;
				GCC_WARN_UNUSED_VARIABLE = YES;
				IPHONEOS_DEPLOYMENT_TARGET = 14.5;
				MTL_ENABLE_DEBUG_INFO = INCLUDE_SOURCE;
				MTL_FAST_MATH = YES;
				ONLY_ACTIVE_ARCH = YES;
				SDKROOT = iphoneos;
				SWIFT_ACTIVE_COMPILATION_CONDITIONS = DEBUG;
				SWIFT_OPTIMIZATION_LEVEL = "-Onone";
			};
			name = Debug;
		};
		44B08C562672BE3A003FA892 /* Release */ = {
			isa = XCBuildConfiguration;
			buildSettings = {
				ALWAYS_SEARCH_USER_PATHS = NO;
				CLANG_ANALYZER_NONNULL = YES;
				CLANG_ANALYZER_NUMBER_OBJECT_CONVERSION = YES_AGGRESSIVE;
				CLANG_CXX_LANGUAGE_STANDARD = "gnu++14";
				CLANG_CXX_LIBRARY = "libc++";
				CLANG_ENABLE_MODULES = YES;
				CLANG_ENABLE_OBJC_ARC = YES;
				CLANG_ENABLE_OBJC_WEAK = YES;
				CLANG_WARN_BLOCK_CAPTURE_AUTORELEASING = YES;
				CLANG_WARN_BOOL_CONVERSION = YES;
				CLANG_WARN_COMMA = YES;
				CLANG_WARN_CONSTANT_CONVERSION = YES;
				CLANG_WARN_DEPRECATED_OBJC_IMPLEMENTATIONS = YES;
				CLANG_WARN_DIRECT_OBJC_ISA_USAGE = YES_ERROR;
				CLANG_WARN_DOCUMENTATION_COMMENTS = YES;
				CLANG_WARN_EMPTY_BODY = YES;
				CLANG_WARN_ENUM_CONVERSION = YES;
				CLANG_WARN_INFINITE_RECURSION = YES;
				CLANG_WARN_INT_CONVERSION = YES;
				CLANG_WARN_NON_LITERAL_NULL_CONVERSION = YES;
				CLANG_WARN_OBJC_IMPLICIT_RETAIN_SELF = YES;
				CLANG_WARN_OBJC_LITERAL_CONVERSION = YES;
				CLANG_WARN_OBJC_ROOT_CLASS = YES_ERROR;
				CLANG_WARN_QUOTED_INCLUDE_IN_FRAMEWORK_HEADER = YES;
				CLANG_WARN_RANGE_LOOP_ANALYSIS = YES;
				CLANG_WARN_STRICT_PROTOTYPES = YES;
				CLANG_WARN_SUSPICIOUS_MOVE = YES;
				CLANG_WARN_UNGUARDED_AVAILABILITY = YES_AGGRESSIVE;
				CLANG_WARN_UNREACHABLE_CODE = YES;
				CLANG_WARN__DUPLICATE_METHOD_MATCH = YES;
				COPY_PHASE_STRIP = NO;
				DEBUG_INFORMATION_FORMAT = "dwarf-with-dsym";
				ENABLE_NS_ASSERTIONS = NO;
				ENABLE_STRICT_OBJC_MSGSEND = YES;
				GCC_C_LANGUAGE_STANDARD = gnu11;
				GCC_NO_COMMON_BLOCKS = YES;
				GCC_WARN_64_TO_32_BIT_CONVERSION = YES;
				GCC_WARN_ABOUT_RETURN_TYPE = YES_ERROR;
				GCC_WARN_UNDECLARED_SELECTOR = YES;
				GCC_WARN_UNINITIALIZED_AUTOS = YES_AGGRESSIVE;
				GCC_WARN_UNUSED_FUNCTION = YES;
				GCC_WARN_UNUSED_VARIABLE = YES;
				IPHONEOS_DEPLOYMENT_TARGET = 14.5;
				MTL_ENABLE_DEBUG_INFO = NO;
				MTL_FAST_MATH = YES;
				SDKROOT = iphoneos;
				SWIFT_COMPILATION_MODE = wholemodule;
				SWIFT_OPTIMIZATION_LEVEL = "-O";
				VALIDATE_PRODUCT = YES;
			};
			name = Release;
		};
		44B08C582672BE3A003FA892 /* Debug */ = {
			isa = XCBuildConfiguration;
			buildSettings = {
				ASSETCATALOG_COMPILER_APPICON_NAME = AppIcon;
				ASSETCATALOG_COMPILER_GLOBAL_ACCENT_COLOR_NAME = AccentColor;
				CODE_SIGN_STYLE = Automatic;
				INFOPLIST_FILE = "Table View Demo/Info.plist";
				LD_RUNPATH_SEARCH_PATHS = (
					"$(inherited)",
					"@executable_path/Frameworks",
				);
				PRODUCT_BUNDLE_IDENTIFIER = "com.henry-doan.Table-View-Demo";
				PRODUCT_NAME = "$(TARGET_NAME)";
				SWIFT_VERSION = 5.0;
				TARGETED_DEVICE_FAMILY = "1,2";
			};
			name = Debug;
		};
		44B08C592672BE3A003FA892 /* Release */ = {
			isa = XCBuildConfiguration;
			buildSettings = {
				ASSETCATALOG_COMPILER_APPICON_NAME = AppIcon;
				ASSETCATALOG_COMPILER_GLOBAL_ACCENT_COLOR_NAME = AccentColor;
				CODE_SIGN_STYLE = Automatic;
				INFOPLIST_FILE = "Table View Demo/Info.plist";
				LD_RUNPATH_SEARCH_PATHS = (
					"$(inherited)",
					"@executable_path/Frameworks",
				);
				PRODUCT_BUNDLE_IDENTIFIER = "com.henry-doan.Table-View-Demo";
				PRODUCT_NAME = "$(TARGET_NAME)";
				SWIFT_VERSION = 5.0;
				TARGETED_DEVICE_FAMILY = "1,2";
			};
			name = Release;
		};
		44B08C5B2672BE3A003FA892 /* Debug */ = {
			isa = XCBuildConfiguration;
			buildSettings = {
				ALWAYS_EMBED_SWIFT_STANDARD_LIBRARIES = YES;
				BUNDLE_LOADER = "$(TEST_HOST)";
				CODE_SIGN_STYLE = Automatic;
				INFOPLIST_FILE = "Table View DemoTests/Info.plist";
				IPHONEOS_DEPLOYMENT_TARGET = 14.5;
				LD_RUNPATH_SEARCH_PATHS = (
					"$(inherited)",
					"@executable_path/Frameworks",
					"@loader_path/Frameworks",
				);
				PRODUCT_BUNDLE_IDENTIFIER = "com.henry-doan.Table-View-DemoTests";
				PRODUCT_NAME = "$(TARGET_NAME)";
				SWIFT_VERSION = 5.0;
				TARGETED_DEVICE_FAMILY = "1,2";
				TEST_HOST = "$(BUILT_PRODUCTS_DIR)/Table View Demo.app/Table View Demo";
			};
			name = Debug;
		};
		44B08C5C2672BE3A003FA892 /* Release */ = {
			isa = XCBuildConfiguration;
			buildSettings = {
				ALWAYS_EMBED_SWIFT_STANDARD_LIBRARIES = YES;
				BUNDLE_LOADER = "$(TEST_HOST)";
				CODE_SIGN_STYLE = Automatic;
				INFOPLIST_FILE = "Table View DemoTests/Info.plist";
				IPHONEOS_DEPLOYMENT_TARGET = 14.5;
				LD_RUNPATH_SEARCH_PATHS = (
					"$(inherited)",
					"@executable_path/Frameworks",
					"@loader_path/Frameworks",
				);
				PRODUCT_BUNDLE_IDENTIFIER = "com.henry-doan.Table-View-DemoTests";
				PRODUCT_NAME = "$(TARGET_NAME)";
				SWIFT_VERSION = 5.0;
				TARGETED_DEVICE_FAMILY = "1,2";
				TEST_HOST = "$(BUILT_PRODUCTS_DIR)/Table View Demo.app/Table View Demo";
			};
			name = Release;
		};
		44B08C5E2672BE3A003FA892 /* Debug */ = {
			isa = XCBuildConfiguration;
			buildSettings = {
				ALWAYS_EMBED_SWIFT_STANDARD_LIBRARIES = YES;
				CODE_SIGN_STYLE = Automatic;
				INFOPLIST_FILE = "Table View DemoUITests/Info.plist";
				LD_RUNPATH_SEARCH_PATHS = (
					"$(inherited)",
					"@executable_path/Frameworks",
					"@loader_path/Frameworks",
				);
				PRODUCT_BUNDLE_IDENTIFIER = "com.henry-doan.Table-View-DemoUITests";
				PRODUCT_NAME = "$(TARGET_NAME)";
				SWIFT_VERSION = 5.0;
				TARGETED_DEVICE_FAMILY = "1,2";
				TEST_TARGET_NAME = "Table View Demo";
			};
			name = Debug;
		};
		44B08C5F2672BE3A003FA892 /* Release */ = {
			isa = XCBuildConfiguration;
			buildSettings = {
				ALWAYS_EMBED_SWIFT_STANDARD_LIBRARIES = YES;
				CODE_SIGN_STYLE = Automatic;
				INFOPLIST_FILE = "Table View DemoUITests/Info.plist";
				LD_RUNPATH_SEARCH_PATHS = (
					"$(inherited)",
					"@executable_path/Frameworks",
					"@loader_path/Frameworks",
				);
				PRODUCT_BUNDLE_IDENTIFIER = "com.henry-doan.Table-View-DemoUITests";
				PRODUCT_NAME = "$(TARGET_NAME)";
				SWIFT_VERSION = 5.0;
				TARGETED_DEVICE_FAMILY = "1,2";
				TEST_TARGET_NAME = "Table View Demo";
			};
			name = Release;
		};
/* End XCBuildConfiguration section */

/* Begin XCConfigurationList section */
		44B08C282672BE39003FA892 /* Build configuration list for PBXProject "Table View Demo" */ = {
			isa = XCConfigurationList;
			buildConfigurations = (
				44B08C552672BE3A003FA892 /* Debug */,
				44B08C562672BE3A003FA892 /* Release */,
			);
			defaultConfigurationIsVisible = 0;
			defaultConfigurationName = Release;
		};
		44B08C572672BE3A003FA892 /* Build configuration list for PBXNativeTarget "Table View Demo" */ = {
			isa = XCConfigurationList;
			buildConfigurations = (
				44B08C582672BE3A003FA892 /* Debug */,
				44B08C592672BE3A003FA892 /* Release */,
			);
			defaultConfigurationIsVisible = 0;
			defaultConfigurationName = Release;
		};
		44B08C5A2672BE3A003FA892 /* Build configuration list for PBXNativeTarget "Table View DemoTests" */ = {
			isa = XCConfigurationList;
			buildConfigurations = (
				44B08C5B2672BE3A003FA892 /* Debug */,
				44B08C5C2672BE3A003FA892 /* Release */,
			);
			defaultConfigurationIsVisible = 0;
			defaultConfigurationName = Release;
		};
		44B08C5D2672BE3A003FA892 /* Build configuration list for PBXNativeTarget "Table View DemoUITests" */ = {
			isa = XCConfigurationList;
			buildConfigurations = (
				44B08C5E2672BE3A003FA892 /* Debug */,
				44B08C5F2672BE3A003FA892 /* Release */,
			);
			defaultConfigurationIsVisible = 0;
			defaultConfigurationName = Release;
		};
/* End XCConfigurationList section */
	};
	rootObject = 44B08C252672BE39003FA892 /* Project object */;
}
